
Microsoft Visual Studio Solution File, Format Version 12.00
# Visual Studio Version 17
VisualStudioVersion = 17.11.35327.3
MinimumVisualStudioVersion = 10.0.40219.1
Project("{9A19103F-16F7-4668-BE54-9A1E7A4F7556}") = "NZWalksAPI", "NZWalksAPI.csproj", "{70C99951-CE37-48CF-9E9D-0C77AA7EF179}"
EndProject
Project("{FAE04EC0-301F-11D3-BF4B-00C04F79EFBC}") = "NZWalks.UI", "..\NZWalks.UI\NZWalks.UI.csproj", "{8EE42787-F7AD-4B69-83A9-2B6B89BBBDC7}"
EndProject
Global
	GlobalSection(SolutionConfigurationPlatforms) = preSolution
		Debug|Any CPU = Debug|Any CPU
		Release|Any CPU = Release|Any CPU
	EndGlobalSection
	GlobalSection(ProjectConfigurationPlatforms) = postSolution
		{70C99951-CE37-48CF-9E9D-0C77AA7EF179}.Debug|Any CPU.ActiveCfg = Debug|Any CPU
		{70C99951-CE37-48CF-9E9D-0C77AA7EF179}.Debug|Any CPU.Build.0 = Debug|Any CPU
		{70C99951-CE37-48CF-9E9D-0C77AA7EF179}.Release|Any CPU.ActiveCfg = Release|Any CPU
		{70C99951-CE37-48CF-9E9D-0C77AA7EF179}.Release|Any CPU.Build.0 = Release|Any CPU
		{8EE42787-F7AD-4B69-83A9-2B6B89BBBDC7}.Debug|Any CPU.ActiveCfg = Debug|Any CPU
		{8EE42787-F7AD-4B69-83A9-2B6B89BBBDC7}.Debug|Any CPU.Build.0 = Debug|Any CPU
		{8EE42787-F7AD-4B69-83A9-2B6B89BBBDC7}.Release|Any CPU.ActiveCfg = Release|Any CPU
		{8EE42787-F7AD-4B69-83A9-2B6B89BBBDC7}.Release|Any CPU.Build.0 = Release|Any CPU
	EndGlobalSection
	GlobalSection(SolutionProperties) = preSolution
		HideSolutionNode = FALSE
	EndGlobalSection
	GlobalSection(ExtensibilityGlobals) = postSolution
		SolutionGuid = {507620CB-293E-4221-B8D4-F017414F3E68}
	EndGlobalSection
EndGlobal
